{
  "name": "panel_jstree",
  "version": "0.3.0",
  "lockfileVersion": 2,
  "requires": true,
  "packages": {
    "": {
      "name": "panel_jstree",
      "version": "0.3.0",
      "license": "MIT",
      "dependencies": {
        "@bokeh/bokehjs": "^3.1",
        "@holoviz/panel": "^1"
      }
    },
    "node_modules/@bokeh/bokehjs": {
      "version": "3.1.1",
      "resolved": "https://registry.npmjs.org/@bokeh/bokehjs/-/bokehjs-3.1.1.tgz",
      "integrity": "sha512-+S3hqhIaOS17Xp0Oy7fB+hhOPe+v3jeIew40sWaH4/DEEMuUmhDZZMFowWhicuwTN9J6Bay9bp/62YJc5Na1Qg==",
      "engines": {
        "node": ">=16.0",
        "npm": ">=8.0"
      }
    },
    "node_modules/@holoviz/panel": {
      "version": "1.0.4",
      "resolved": "https://registry.npmjs.org/@holoviz/panel/-/panel-1.0.4.tgz",
      "integrity": "sha512-crcXGCTQIbVUBaOgYsPGvS3Drg919U80p/NKJazhatN8yi/7nVHHdpfl4tqOpWRmYAom03VZMp4A9S1iBTSMwA==",
      "dependencies": {
        "@bokeh/bokehjs": "~3.1.1",
        "@luma.gl/constants": "^8.0.3",
        "@types/debounce": "^1.2.0",
        "@types/gl-matrix": "^2.4.5",
        "debounce": "^1.2.0",
        "gl-matrix": "^3.1.0",
        "htm": "^3.1.1",
        "json-formatter-js": "^2.2.1",
        "preact": "^10.13.0"
      }
    },
    "node_modules/@luma.gl/constants": {
      "version": "8.5.17",
      "resolved": "https://registry.npmjs.org/@luma.gl/constants/-/constants-8.5.17.tgz",
      "integrity": "sha512-8jD2aDgFa04HtWuj5ZyZm4h+hz2HI+1gcrab4uQp3qq75iAQXg62Tu68mTcoL8xWehmJntNCkLbnkkuTdFsOAQ=="
    },
    "node_modules/@types/debounce": {
      "version": "1.2.1",
      "resolved": "https://registry.npmjs.org/@types/debounce/-/debounce-1.2.1.tgz",
      "integrity": "sha512-epMsEE85fi4lfmJUH/89/iV/LI+F5CvNIvmgs5g5jYFPfhO2S/ae8WSsLOKWdwtoaZw9Q2IhJ4tQ5tFCcS/4HA=="
    },
    "node_modules/@types/gl-matrix": {
      "version": "2.4.5",
      "resolved": "https://registry.npmjs.org/@types/gl-matrix/-/gl-matrix-2.4.5.tgz",
      "integrity": "sha512-0L8Mq1+oaIW0oVzGUDbSW+HnTjCNb4CmoIQE5BkoHt/A7x20z0MJ1PnwfH3atty/vbWLGgvJwVu2Mz3SKFiEFw=="
    },
    "node_modules/debounce": {
      "version": "1.2.1",
      "resolved": "https://registry.npmjs.org/debounce/-/debounce-1.2.1.tgz",
      "integrity": "sha512-XRRe6Glud4rd/ZGQfiV1ruXSfbvfJedlV9Y6zOlP+2K04vBYiJEte6stfFkCP03aMnY5tsipamumUjL14fofug=="
    },
    "node_modules/gl-matrix": {
      "version": "3.4.3",
      "resolved": "https://registry.npmjs.org/gl-matrix/-/gl-matrix-3.4.3.tgz",
      "integrity": "sha512-wcCp8vu8FT22BnvKVPjXa/ICBWRq/zjFfdofZy1WSpQZpphblv12/bOQLBC1rMM7SGOFS9ltVmKOHil5+Ml7gA=="
    },
    "node_modules/htm": {
      "version": "3.1.1",
      "resolved": "https://registry.npmjs.org/htm/-/htm-3.1.1.tgz",
      "integrity": "sha512-983Vyg8NwUE7JkZ6NmOqpCZ+sh1bKv2iYTlUkzlWmA5JD2acKoxd4KVxbMmxX/85mtfdnDmTFoNKcg5DGAvxNQ=="
    },
    "node_modules/json-formatter-js": {
      "version": "2.3.4",
      "resolved": "https://registry.npmjs.org/json-formatter-js/-/json-formatter-js-2.3.4.tgz",
      "integrity": "sha512-gmAzYRtPRmYzeAT4T7+t3NhTF89JOAIioCVDddl9YDb3ls3kWcskirafw/MZGJaRhEU6fRimGJHl7CC7gaAI2Q=="
    },
    "node_modules/preact": {
      "version": "10.14.0",
      "resolved": "https://registry.npmjs.org/preact/-/preact-10.14.0.tgz",
      "integrity": "sha512-4oh2sf208mKAdL5AQtzXxE387iSGNWMX/YjwMjH6m/XROILKAmx5Pbs2FsXrW7ixoVGGjpfYSBB833vOwYxNxw==",
      "funding": {
        "type": "opencollective",
        "url": "https://opencollective.com/preact"
      }
    }
  },
  "dependencies": {
    "@bokeh/bokehjs": {
      "version": "3.1.1",
      "resolved": "https://registry.npmjs.org/@bokeh/bokehjs/-/bokehjs-3.1.1.tgz",
      "integrity": "sha512-+S3hqhIaOS17Xp0Oy7fB+hhOPe+v3jeIew40sWaH4/DEEMuUmhDZZMFowWhicuwTN9J6Bay9bp/62YJc5Na1Qg=="
    },
    "@holoviz/panel": {
      "version": "1.0.4",
      "resolved": "https://registry.npmjs.org/@holoviz/panel/-/panel-1.0.4.tgz",
      "integrity": "sha512-crcXGCTQIbVUBaOgYsPGvS3Drg919U80p/NKJazhatN8yi/7nVHHdpfl4tqOpWRmYAom03VZMp4A9S1iBTSMwA==",
      "requires": {
        "@bokeh/bokehjs": "~3.1.1",
        "@luma.gl/constants": "^8.0.3",
        "@types/debounce": "^1.2.0",
        "@types/gl-matrix": "^2.4.5",
        "debounce": "^1.2.0",
        "gl-matrix": "^3.1.0",
        "htm": "^3.1.1",
        "json-formatter-js": "^2.2.1",
        "preact": "^10.13.0"
      }
    },
    "@luma.gl/constants": {
      "version": "8.5.17",
      "resolved": "https://registry.npmjs.org/@luma.gl/constants/-/constants-8.5.17.tgz",
      "integrity": "sha512-8jD2aDgFa04HtWuj5ZyZm4h+hz2HI+1gcrab4uQp3qq75iAQXg62Tu68mTcoL8xWehmJntNCkLbnkkuTdFsOAQ=="
    },
    "@types/debounce": {
      "version": "1.2.1",
      "resolved": "https://registry.npmjs.org/@types/debounce/-/debounce-1.2.1.tgz",
      "integrity": "sha512-epMsEE85fi4lfmJUH/89/iV/LI+F5CvNIvmgs5g5jYFPfhO2S/ae8WSsLOKWdwtoaZw9Q2IhJ4tQ5tFCcS/4HA=="
    },
    "@types/gl-matrix": {
      "version": "2.4.5",
      "resolved": "https://registry.npmjs.org/@types/gl-matrix/-/gl-matrix-2.4.5.tgz",
      "integrity": "sha512-0L8Mq1+oaIW0oVzGUDbSW+HnTjCNb4CmoIQE5BkoHt/A7x20z0MJ1PnwfH3atty/vbWLGgvJwVu2Mz3SKFiEFw=="
    },
    "debounce": {
      "version": "1.2.1",
      "resolved": "https://registry.npmjs.org/debounce/-/debounce-1.2.1.tgz",
      "integrity": "sha512-XRRe6Glud4rd/ZGQfiV1ruXSfbvfJedlV9Y6zOlP+2K04vBYiJEte6stfFkCP03aMnY5tsipamumUjL14fofug=="
    },
    "gl-matrix": {
      "version": "3.4.3",
      "resolved": "https://registry.npmjs.org/gl-matrix/-/gl-matrix-3.4.3.tgz",
      "integrity": "sha512-wcCp8vu8FT22BnvKVPjXa/ICBWRq/zjFfdofZy1WSpQZpphblv12/bOQLBC1rMM7SGOFS9ltVmKOHil5+Ml7gA=="
    },
    "htm": {
      "version": "3.1.1",
      "resolved": "https://registry.npmjs.org/htm/-/htm-3.1.1.tgz",
      "integrity": "sha512-983Vyg8NwUE7JkZ6NmOqpCZ+sh1bKv2iYTlUkzlWmA5JD2acKoxd4KVxbMmxX/85mtfdnDmTFoNKcg5DGAvxNQ=="
    },
    "json-formatter-js": {
      "version": "2.3.4",
      "resolved": "https://registry.npmjs.org/json-formatter-js/-/json-formatter-js-2.3.4.tgz",
      "integrity": "sha512-gmAzYRtPRmYzeAT4T7+t3NhTF89JOAIioCVDddl9YDb3ls3kWcskirafw/MZGJaRhEU6fRimGJHl7CC7gaAI2Q=="
    },
    "preact": {
      "version": "10.14.0",
      "resolved": "https://registry.npmjs.org/preact/-/preact-10.14.0.tgz",
      "integrity": "sha512-4oh2sf208mKAdL5AQtzXxE387iSGNWMX/YjwMjH6m/XROILKAmx5Pbs2FsXrW7ixoVGGjpfYSBB833vOwYxNxw=="
    }
  }
}
